Microsoft Visual Studio Solution File, Format Version 12.00
# Visual Studio Version 17
VisualStudioVersion = 17.0.31903.59
MinimumVisualStudioVersion = 10.0.40219.1
Project("{FAE04EC0-301F-11D3-BF4B-00C04F79EFBC}") = "RimContext.Core", "src\RimContext.Core\RimContext.Core.csproj", "{7C6E7A4F-83D5-49AE-B9AE-9EBA1AFB5D01}"
EndProject
Project("{FAE04EC0-301F-11D3-BF4B-00C04F79EFBC}") = "RimContext.Cli", "src\RimContext.Cli\RimContext.Cli.csproj", "{C3A0D10E-9388-4EAF-9A3A-70F6D2AA4E0B}"
EndProject
Project("{FAE04EC0-301F-11D3-BF4B-00C04F79EFBC}") = "RimContext.Tests", "tests\RimContext.Tests\RimContext.Tests.csproj", "{E535FE4B-785C-42DB-9BDB-2E35A78D2C93}"
EndProject
Global
	GlobalSection(SolutionConfigurationPlatforms) = preSolution
		Debug|Any CPU = Debug|Any CPU
		Release|Any CPU = Release|Any CPU
	EndGlobalSection
	GlobalSection(ProjectConfigurationPlatforms) = postSolution
		{7C6E7A4F-83D5-49AE-B9AE-9EBA1AFB5D01}.Debug|Any CPU.ActiveCfg = Debug|Any CPU
		{7C6E7A4F-83D5-49AE-B9AE-9EBA1AFB5D01}.Debug|Any CPU.Build.0 = Debug|Any CPU
		{7C6E7A4F-83D5-49AE-B9AE-9EBA1AFB5D01}.Release|Any CPU.ActiveCfg = Release|Any CPU
		{7C6E7A4F-83D5-49AE-B9AE-9EBA1AFB5D01}.Release|Any CPU.Build.0 = Release|Any CPU
		{C3A0D10E-9388-4EAF-9A3A-70F6D2AA4E0B}.Debug|Any CPU.ActiveCfg = Debug|Any CPU
		{C3A0D10E-9388-4EAF-9A3A-70F6D2AA4E0B}.Debug|Any CPU.Build.0 = Debug|Any CPU
		{C3A0D10E-9388-4EAF-9A3A-70F6D2AA4E0B}.Release|Any CPU.ActiveCfg = Release|Any CPU
		{C3A0D10E-9388-4EAF-9A3A-70F6D2AA4E0B}.Release|Any CPU.Build.0 = Release|Any CPU
		{E535FE4B-785C-42DB-9BDB-2E35A78D2C93}.Debug|Any CPU.ActiveCfg = Debug|Any CPU
		{E535FE4B-785C-42DB-9BDB-2E35A78D2C93}.Debug|Any CPU.Build.0 = Debug|Any CPU
		{E535FE4B-785C-42DB-9BDB-2E35A78D2C93}.Release|Any CPU.ActiveCfg = Release|Any CPU
		{E535FE4B-785C-42DB-9BDB-2E35A78D2C93}.Release|Any CPU.Build.0 = Release|Any CPU
	EndGlobalSection
	GlobalSection(SolutionProperties) = preSolution
		HideSolutionNode = FALSE
	EndGlobalSection
EndGlobal
